
Microsoft Visual Studio Solution File, Format Version 12.00
# Visual Studio Version 17
VisualStudioVersion = 17.7.34031.279
MinimumVisualStudioVersion = 10.0.40219.1
Project("{9A19103F-16F7-4668-BE54-9A1E7A4F7556}") = "01. PowerOfNumberWithLoop", "01. PowerOfNumber\01. PowerOfNumberWithLoop.csproj", "{2516DD47-C866-4CD9-9146-E4BAF81864D0}"
EndProject
Project("{9A19103F-16F7-4668-BE54-9A1E7A4F7556}") = "01.1 PowerOfNumberWithMathPow", "01.1 PowerOfNumberWithMathPow\01.1 PowerOfNumberWithMathPow.csproj", "{F052E31F-D9E8-4BC0-8586-AF14076952A2}"
EndProject
Project("{9A19103F-16F7-4668-BE54-9A1E7A4F7556}") = "02. MultiplicationTable", "02. MultiplicationTable\02. MultiplicationTable.csproj", "{0A01A506-B192-4609-A9DE-4F0B786BD258}"
EndProject
Project("{9A19103F-16F7-4668-BE54-9A1E7A4F7556}") = "03. BiggestNumber", "03. BiggestNumber\03. BiggestNumber.csproj", "{86FB7F35-2CD9-4E9F-A34D-CE38E6FC1C9C}"
EndProject
Project("{FAE04EC0-301F-11D3-BF4B-00C04F79EFBC}") = "04. VowelSum", "04. VowelSum\04. VowelSum.csproj", "{FBF1B212-CE3D-4260-93E2-A3C9C73B6E43}"
EndProject
Project("{FAE04EC0-301F-11D3-BF4B-00C04F79EFBC}") = "03.1 SmallestNumber", "03.1 SmallestNumber\03.1 SmallestNumber.csproj", "{63E33C4A-A659-47BA-A144-72F5DF84D213}"
EndProject
Project("{FAE04EC0-301F-11D3-BF4B-00C04F79EFBC}") = "05. Division to 2, 3 and 4", "05. Division to 2, 3 and 4\05. Division to 2, 3 and 4.csproj", "{936960C0-CD3C-46AB-A690-746CD3A22F3F}"
EndProject
Project("{FAE04EC0-301F-11D3-BF4B-00C04F79EFBC}") = "06. SpecialNumber", "06. SpecialNumber\06. SpecialNumber.csproj", "{C64F333C-B058-4193-B699-F0E0B805F6AD}"
EndProject
Project("{FAE04EC0-301F-11D3-BF4B-00C04F79EFBC}") = "07. SpecialBonus", "07. 7. SpecialBonus\07. SpecialBonus.csproj", "{F8848C84-0254-4CFD-A0DC-525D7DE305B8}"
EndProject
Project("{FAE04EC0-301F-11D3-BF4B-00C04F79EFBC}") = "08. AccountBalance", "08. AccountBalance\08. AccountBalance.csproj", "{C12367E9-87ED-46D1-8E73-8DA0FEA1B1A0}"
EndProject
Global
	GlobalSection(SolutionConfigurationPlatforms) = preSolution
		Debug|Any CPU = Debug|Any CPU
		Release|Any CPU = Release|Any CPU
	EndGlobalSection
	GlobalSection(ProjectConfigurationPlatforms) = postSolution
		{2516DD47-C866-4CD9-9146-E4BAF81864D0}.Debug|Any CPU.ActiveCfg = Debug|Any CPU
		{2516DD47-C866-4CD9-9146-E4BAF81864D0}.Debug|Any CPU.Build.0 = Debug|Any CPU
		{2516DD47-C866-4CD9-9146-E4BAF81864D0}.Release|Any CPU.ActiveCfg = Release|Any CPU
		{2516DD47-C866-4CD9-9146-E4BAF81864D0}.Release|Any CPU.Build.0 = Release|Any CPU
		{F052E31F-D9E8-4BC0-8586-AF14076952A2}.Debug|Any CPU.ActiveCfg = Debug|Any CPU
		{F052E31F-D9E8-4BC0-8586-AF14076952A2}.Debug|Any CPU.Build.0 = Debug|Any CPU
		{F052E31F-D9E8-4BC0-8586-AF14076952A2}.Release|Any CPU.ActiveCfg = Release|Any CPU
		{F052E31F-D9E8-4BC0-8586-AF14076952A2}.Release|Any CPU.Build.0 = Release|Any CPU
		{0A01A506-B192-4609-A9DE-4F0B786BD258}.Debug|Any CPU.ActiveCfg = Debug|Any CPU
		{0A01A506-B192-4609-A9DE-4F0B786BD258}.Debug|Any CPU.Build.0 = Debug|Any CPU
		{0A01A506-B192-4609-A9DE-4F0B786BD258}.Release|Any CPU.ActiveCfg = Release|Any CPU
		{0A01A506-B192-4609-A9DE-4F0B786BD258}.Release|Any CPU.Build.0 = Release|Any CPU
		{86FB7F35-2CD9-4E9F-A34D-CE38E6FC1C9C}.Debug|Any CPU.ActiveCfg = Debug|Any CPU
		{86FB7F35-2CD9-4E9F-A34D-CE38E6FC1C9C}.Debug|Any CPU.Build.0 = Debug|Any CPU
		{86FB7F35-2CD9-4E9F-A34D-CE38E6FC1C9C}.Release|Any CPU.ActiveCfg = Release|Any CPU
		{86FB7F35-2CD9-4E9F-A34D-CE38E6FC1C9C}.Release|Any CPU.Build.0 = Release|Any CPU
		{FBF1B212-CE3D-4260-93E2-A3C9C73B6E43}.Debug|Any CPU.ActiveCfg = Debug|Any CPU
		{FBF1B212-CE3D-4260-93E2-A3C9C73B6E43}.Debug|Any CPU.Build.0 = Debug|Any CPU
		{FBF1B212-CE3D-4260-93E2-A3C9C73B6E43}.Release|Any CPU.ActiveCfg = Release|Any CPU
		{FBF1B212-CE3D-4260-93E2-A3C9C73B6E43}.Release|Any CPU.Build.0 = Release|Any CPU
		{63E33C4A-A659-47BA-A144-72F5DF84D213}.Debug|Any CPU.ActiveCfg = Debug|Any CPU
		{63E33C4A-A659-47BA-A144-72F5DF84D213}.Debug|Any CPU.Build.0 = Debug|Any CPU
		{63E33C4A-A659-47BA-A144-72F5DF84D213}.Release|Any CPU.ActiveCfg = Release|Any CPU
		{63E33C4A-A659-47BA-A144-72F5DF84D213}.Release|Any CPU.Build.0 = Release|Any CPU
		{936960C0-CD3C-46AB-A690-746CD3A22F3F}.Debug|Any CPU.ActiveCfg = Debug|Any CPU
		{936960C0-CD3C-46AB-A690-746CD3A22F3F}.Debug|Any CPU.Build.0 = Debug|Any CPU
		{936960C0-CD3C-46AB-A690-746CD3A22F3F}.Release|Any CPU.ActiveCfg = Release|Any CPU
		{936960C0-CD3C-46AB-A690-746CD3A22F3F}.Release|Any CPU.Build.0 = Release|Any CPU
		{C64F333C-B058-4193-B699-F0E0B805F6AD}.Debug|Any CPU.ActiveCfg = Debug|Any CPU
		{C64F333C-B058-4193-B699-F0E0B805F6AD}.Debug|Any CPU.Build.0 = Debug|Any CPU
		{C64F333C-B058-4193-B699-F0E0B805F6AD}.Release|Any CPU.ActiveCfg = Release|Any CPU
		{C64F333C-B058-4193-B699-F0E0B805F6AD}.Release|Any CPU.Build.0 = Release|Any CPU
		{F8848C84-0254-4CFD-A0DC-525D7DE305B8}.Debug|Any CPU.ActiveCfg = Debug|Any CPU
		{F8848C84-0254-4CFD-A0DC-525D7DE305B8}.Debug|Any CPU.Build.0 = Debug|Any CPU
		{F8848C84-0254-4CFD-A0DC-525D7DE305B8}.Release|Any CPU.ActiveCfg = Release|Any CPU
		{F8848C84-0254-4CFD-A0DC-525D7DE305B8}.Release|Any CPU.Build.0 = Release|Any CPU
		{C12367E9-87ED-46D1-8E73-8DA0FEA1B1A0}.Debug|Any CPU.ActiveCfg = Debug|Any CPU
		{C12367E9-87ED-46D1-8E73-8DA0FEA1B1A0}.Debug|Any CPU.Build.0 = Debug|Any CPU
		{C12367E9-87ED-46D1-8E73-8DA0FEA1B1A0}.Release|Any CPU.ActiveCfg = Release|Any CPU
		{C12367E9-87ED-46D1-8E73-8DA0FEA1B1A0}.Release|Any CPU.Build.0 = Release|Any CPU
	EndGlobalSection
	GlobalSection(SolutionProperties) = preSolution
		HideSolutionNode = FALSE
	EndGlobalSection
	GlobalSection(ExtensibilityGlobals) = postSolution
		SolutionGuid = {96435839-8B20-4F8F-9E0F-543876598630}
	EndGlobalSection
EndGlobal
