
Microsoft Visual Studio Solution File, Format Version 12.00
# Visual Studio Version 17
VisualStudioVersion = 17.7.34031.279
MinimumVisualStudioVersion = 10.0.40219.1
Project("{9A19103F-16F7-4668-BE54-9A1E7A4F7556}") = "01. NumberPyramid", "01. NumberPyramid\01. NumberPyramid.csproj", "{3C876676-1DB2-46F6-9138-3E90EB31629B}"
EndProject
Project("{9A19103F-16F7-4668-BE54-9A1E7A4F7556}") = "02. EqualSumsOfEvenAndOddPositions", "02. 2. EqualSumsOfEvenAndOddPositions\02. EqualSumsOfEvenAndOddPositions.csproj", "{870FEDB3-73DC-4FE1-8333-D8D67513DFAF}"
EndProject
Project("{FAE04EC0-301F-11D3-BF4B-00C04F79EFBC}") = "03. 3. SumOfPrimeAndNon-PrimeNumbers", "03. 3. SumOfPrimeAndNon-PrimeNumbers\03. 3. SumOfPrimeAndNon-PrimeNumbers.csproj", "{01005A91-F78E-4CDD-9E0F-8837627F3FC7}"
EndProject
Project("{FAE04EC0-301F-11D3-BF4B-00C04F79EFBC}") = "04. 4. TrainTheTrainers", "04. 4. TrainTheTrainers\04. 4. TrainTheTrainers.csproj", "{E595A547-BBEE-460B-8BA9-29D0FAA1535B}"
EndProject
Project("{FAE04EC0-301F-11D3-BF4B-00C04F79EFBC}") = "05. SpecialNumbers", "05. SpecialNumbers\05. SpecialNumbers.csproj", "{0954D6AA-FDEA-4448-8A53-4A8DF87E9CE9}"
EndProject
Global
	GlobalSection(SolutionConfigurationPlatforms) = preSolution
		Debug|Any CPU = Debug|Any CPU
		Release|Any CPU = Release|Any CPU
	EndGlobalSection
	GlobalSection(ProjectConfigurationPlatforms) = postSolution
		{3C876676-1DB2-46F6-9138-3E90EB31629B}.Debug|Any CPU.ActiveCfg = Debug|Any CPU
		{3C876676-1DB2-46F6-9138-3E90EB31629B}.Debug|Any CPU.Build.0 = Debug|Any CPU
		{3C876676-1DB2-46F6-9138-3E90EB31629B}.Release|Any CPU.ActiveCfg = Release|Any CPU
		{3C876676-1DB2-46F6-9138-3E90EB31629B}.Release|Any CPU.Build.0 = Release|Any CPU
		{870FEDB3-73DC-4FE1-8333-D8D67513DFAF}.Debug|Any CPU.ActiveCfg = Debug|Any CPU
		{870FEDB3-73DC-4FE1-8333-D8D67513DFAF}.Debug|Any CPU.Build.0 = Debug|Any CPU
		{870FEDB3-73DC-4FE1-8333-D8D67513DFAF}.Release|Any CPU.ActiveCfg = Release|Any CPU
		{870FEDB3-73DC-4FE1-8333-D8D67513DFAF}.Release|Any CPU.Build.0 = Release|Any CPU
		{01005A91-F78E-4CDD-9E0F-8837627F3FC7}.Debug|Any CPU.ActiveCfg = Debug|Any CPU
		{01005A91-F78E-4CDD-9E0F-8837627F3FC7}.Debug|Any CPU.Build.0 = Debug|Any CPU
		{01005A91-F78E-4CDD-9E0F-8837627F3FC7}.Release|Any CPU.ActiveCfg = Release|Any CPU
		{01005A91-F78E-4CDD-9E0F-8837627F3FC7}.Release|Any CPU.Build.0 = Release|Any CPU
		{E595A547-BBEE-460B-8BA9-29D0FAA1535B}.Debug|Any CPU.ActiveCfg = Debug|Any CPU
		{E595A547-BBEE-460B-8BA9-29D0FAA1535B}.Debug|Any CPU.Build.0 = Debug|Any CPU
		{E595A547-BBEE-460B-8BA9-29D0FAA1535B}.Release|Any CPU.ActiveCfg = Release|Any CPU
		{E595A547-BBEE-460B-8BA9-29D0FAA1535B}.Release|Any CPU.Build.0 = Release|Any CPU
		{0954D6AA-FDEA-4448-8A53-4A8DF87E9CE9}.Debug|Any CPU.ActiveCfg = Debug|Any CPU
		{0954D6AA-FDEA-4448-8A53-4A8DF87E9CE9}.Debug|Any CPU.Build.0 = Debug|Any CPU
		{0954D6AA-FDEA-4448-8A53-4A8DF87E9CE9}.Release|Any CPU.ActiveCfg = Release|Any CPU
		{0954D6AA-FDEA-4448-8A53-4A8DF87E9CE9}.Release|Any CPU.Build.0 = Release|Any CPU
	EndGlobalSection
	GlobalSection(SolutionProperties) = preSolution
		HideSolutionNode = FALSE
	EndGlobalSection
	GlobalSection(ExtensibilityGlobals) = postSolution
		SolutionGuid = {E042BDD5-7050-43B2-B4F6-1D2CED021F54}
	EndGlobalSection
EndGlobal
