
Microsoft Visual Studio Solution File, Format Version 12.00
# Visual Studio Version 17
VisualStudioVersion = 17.7.34031.279
MinimumVisualStudioVersion = 10.0.40219.1
Project("{FAE04EC0-301F-11D3-BF4B-00C04F79EFBC}") = "DemosLection", "Demos\DemosLection.csproj", "{C10E81C5-7050-4B22-92DD-78C8C82F99DD}"
EndProject
Project("{FAE04EC0-301F-11D3-BF4B-00C04F79EFBC}") = "02.NumbersFromOneToNReversed", "02.NumbersFromOneToNReversed\02.NumbersFromOneToNReversed.csproj", "{92443EE2-351C-416E-B737-87B3A562E4C9}"
EndProject
Project("{FAE04EC0-301F-11D3-BF4B-00C04F79EFBC}") = "03. NumbersFromOneToNstep3", "03. NumbersFromOneToNstep3\03. NumbersFromOneToNstep3.csproj", "{1DB74739-E9A5-4D19-8B11-F9585895AE77}"
EndProject
Project("{FAE04EC0-301F-11D3-BF4B-00C04F79EFBC}") = "04. EvenPowersOfTwo", "04. EvenPowersOfTwo\04. EvenPowersOfTwo.csproj", "{19410450-85A6-4D08-8B5F-982DC64B7C1A}"
EndProject
Project("{FAE04EC0-301F-11D3-BF4B-00C04F79EFBC}") = "newProject", "newProject\newProject.csproj", "{A173D299-73E5-45EA-B74B-4994B9B4AE73}"
EndProject
Project("{FAE04EC0-301F-11D3-BF4B-00C04F79EFBC}") = "05. SumOfNumbers", "05. SumOfNumbers\05. SumOfNumbers.csproj", "{D31598BF-3128-4D29-B508-189C782BFB71}"
EndProject
Project("{FAE04EC0-301F-11D3-BF4B-00C04F79EFBC}") = "06. SequeanceOfNumbers", "06. SequeanceOfNumbers\06. SequeanceOfNumbers.csproj", "{8A7DA2D9-5797-4C89-B64E-4A2A826B2C58}"
EndProject
Project("{FAE04EC0-301F-11D3-BF4B-00C04F79EFBC}") = "07. AccountBalance", "07. AccountBalance\07. AccountBalance.csproj", "{141BAF0E-94C9-4997-89E5-F557A8F9719B}"
EndProject
Project("{FAE04EC0-301F-11D3-BF4B-00C04F79EFBC}") = "08. GreatestNumber", "08. GreatestNumber\08. GreatestNumber.csproj", "{AB1D2A1C-B044-4275-8CA1-AD9271B13810}"
EndProject
Project("{FAE04EC0-301F-11D3-BF4B-00C04F79EFBC}") = "09. TheSmalestNumber", "09. TheSmalestNumber\09. TheSmalestNumber.csproj", "{42EB16BF-CDB1-46C3-B9F6-FCDB3C968968}"
EndProject
Project("{FAE04EC0-301F-11D3-BF4B-00C04F79EFBC}") = "10. Graduation", "10. Graduation\10. Graduation.csproj", "{9A4F70B7-E5E8-4CB7-B18F-CD569BCDF6B3}"
EndProject
Global
	GlobalSection(SolutionConfigurationPlatforms) = preSolution
		Debug|Any CPU = Debug|Any CPU
		Release|Any CPU = Release|Any CPU
	EndGlobalSection
	GlobalSection(ProjectConfigurationPlatforms) = postSolution
		{C10E81C5-7050-4B22-92DD-78C8C82F99DD}.Debug|Any CPU.ActiveCfg = Debug|Any CPU
		{C10E81C5-7050-4B22-92DD-78C8C82F99DD}.Debug|Any CPU.Build.0 = Debug|Any CPU
		{C10E81C5-7050-4B22-92DD-78C8C82F99DD}.Release|Any CPU.ActiveCfg = Release|Any CPU
		{C10E81C5-7050-4B22-92DD-78C8C82F99DD}.Release|Any CPU.Build.0 = Release|Any CPU
		{92443EE2-351C-416E-B737-87B3A562E4C9}.Debug|Any CPU.ActiveCfg = Debug|Any CPU
		{92443EE2-351C-416E-B737-87B3A562E4C9}.Debug|Any CPU.Build.0 = Debug|Any CPU
		{92443EE2-351C-416E-B737-87B3A562E4C9}.Release|Any CPU.ActiveCfg = Release|Any CPU
		{92443EE2-351C-416E-B737-87B3A562E4C9}.Release|Any CPU.Build.0 = Release|Any CPU
		{1DB74739-E9A5-4D19-8B11-F9585895AE77}.Debug|Any CPU.ActiveCfg = Debug|Any CPU
		{1DB74739-E9A5-4D19-8B11-F9585895AE77}.Debug|Any CPU.Build.0 = Debug|Any CPU
		{1DB74739-E9A5-4D19-8B11-F9585895AE77}.Release|Any CPU.ActiveCfg = Release|Any CPU
		{1DB74739-E9A5-4D19-8B11-F9585895AE77}.Release|Any CPU.Build.0 = Release|Any CPU
		{19410450-85A6-4D08-8B5F-982DC64B7C1A}.Debug|Any CPU.ActiveCfg = Debug|Any CPU
		{19410450-85A6-4D08-8B5F-982DC64B7C1A}.Debug|Any CPU.Build.0 = Debug|Any CPU
		{19410450-85A6-4D08-8B5F-982DC64B7C1A}.Release|Any CPU.ActiveCfg = Release|Any CPU
		{19410450-85A6-4D08-8B5F-982DC64B7C1A}.Release|Any CPU.Build.0 = Release|Any CPU
		{A173D299-73E5-45EA-B74B-4994B9B4AE73}.Debug|Any CPU.ActiveCfg = Debug|Any CPU
		{A173D299-73E5-45EA-B74B-4994B9B4AE73}.Debug|Any CPU.Build.0 = Debug|Any CPU
		{A173D299-73E5-45EA-B74B-4994B9B4AE73}.Release|Any CPU.ActiveCfg = Release|Any CPU
		{A173D299-73E5-45EA-B74B-4994B9B4AE73}.Release|Any CPU.Build.0 = Release|Any CPU
		{D31598BF-3128-4D29-B508-189C782BFB71}.Debug|Any CPU.ActiveCfg = Debug|Any CPU
		{D31598BF-3128-4D29-B508-189C782BFB71}.Debug|Any CPU.Build.0 = Debug|Any CPU
		{D31598BF-3128-4D29-B508-189C782BFB71}.Release|Any CPU.ActiveCfg = Release|Any CPU
		{D31598BF-3128-4D29-B508-189C782BFB71}.Release|Any CPU.Build.0 = Release|Any CPU
		{8A7DA2D9-5797-4C89-B64E-4A2A826B2C58}.Debug|Any CPU.ActiveCfg = Debug|Any CPU
		{8A7DA2D9-5797-4C89-B64E-4A2A826B2C58}.Debug|Any CPU.Build.0 = Debug|Any CPU
		{8A7DA2D9-5797-4C89-B64E-4A2A826B2C58}.Release|Any CPU.ActiveCfg = Release|Any CPU
		{8A7DA2D9-5797-4C89-B64E-4A2A826B2C58}.Release|Any CPU.Build.0 = Release|Any CPU
		{141BAF0E-94C9-4997-89E5-F557A8F9719B}.Debug|Any CPU.ActiveCfg = Debug|Any CPU
		{141BAF0E-94C9-4997-89E5-F557A8F9719B}.Debug|Any CPU.Build.0 = Debug|Any CPU
		{141BAF0E-94C9-4997-89E5-F557A8F9719B}.Release|Any CPU.ActiveCfg = Release|Any CPU
		{141BAF0E-94C9-4997-89E5-F557A8F9719B}.Release|Any CPU.Build.0 = Release|Any CPU
		{AB1D2A1C-B044-4275-8CA1-AD9271B13810}.Debug|Any CPU.ActiveCfg = Debug|Any CPU
		{AB1D2A1C-B044-4275-8CA1-AD9271B13810}.Debug|Any CPU.Build.0 = Debug|Any CPU
		{AB1D2A1C-B044-4275-8CA1-AD9271B13810}.Release|Any CPU.ActiveCfg = Release|Any CPU
		{AB1D2A1C-B044-4275-8CA1-AD9271B13810}.Release|Any CPU.Build.0 = Release|Any CPU
		{42EB16BF-CDB1-46C3-B9F6-FCDB3C968968}.Debug|Any CPU.ActiveCfg = Debug|Any CPU
		{42EB16BF-CDB1-46C3-B9F6-FCDB3C968968}.Debug|Any CPU.Build.0 = Debug|Any CPU
		{42EB16BF-CDB1-46C3-B9F6-FCDB3C968968}.Release|Any CPU.ActiveCfg = Release|Any CPU
		{42EB16BF-CDB1-46C3-B9F6-FCDB3C968968}.Release|Any CPU.Build.0 = Release|Any CPU
		{9A4F70B7-E5E8-4CB7-B18F-CD569BCDF6B3}.Debug|Any CPU.ActiveCfg = Debug|Any CPU
		{9A4F70B7-E5E8-4CB7-B18F-CD569BCDF6B3}.Debug|Any CPU.Build.0 = Debug|Any CPU
		{9A4F70B7-E5E8-4CB7-B18F-CD569BCDF6B3}.Release|Any CPU.ActiveCfg = Release|Any CPU
		{9A4F70B7-E5E8-4CB7-B18F-CD569BCDF6B3}.Release|Any CPU.Build.0 = Release|Any CPU
	EndGlobalSection
	GlobalSection(SolutionProperties) = preSolution
		HideSolutionNode = FALSE
	EndGlobalSection
	GlobalSection(ExtensibilityGlobals) = postSolution
		SolutionGuid = {A680915E-A19E-4D61-B4C2-0BA51C71F73D}
	EndGlobalSection
EndGlobal
