
Microsoft Visual Studio Solution File, Format Version 12.00
# Visual Studio Version 17
VisualStudioVersion = 17.7.34221.43
MinimumVisualStudioVersion = 10.0.40219.1
Project("{FAE04EC0-301F-11D3-BF4B-00C04F79EFBC}") = "01. SumFactorialEvenDigits", "01. SumFactorialEvenDigits\01. SumFactorialEvenDigits.csproj", "{B39379FC-B143-4C66-8957-EF8339E22D46}"
EndProject
Project("{FAE04EC0-301F-11D3-BF4B-00C04F79EFBC}") = "02. MiddleElements", "02. MiddleElements\02. MiddleElements.csproj", "{432A98DA-10D1-4358-B624-33A91FFE4C44}"
EndProject
Global
	GlobalSection(SolutionConfigurationPlatforms) = preSolution
		Debug|Any CPU = Debug|Any CPU
		Release|Any CPU = Release|Any CPU
	EndGlobalSection
	GlobalSection(ProjectConfigurationPlatforms) = postSolution
		{B39379FC-B143-4C66-8957-EF8339E22D46}.Debug|Any CPU.ActiveCfg = Debug|Any CPU
		{B39379FC-B143-4C66-8957-EF8339E22D46}.Debug|Any CPU.Build.0 = Debug|Any CPU
		{B39379FC-B143-4C66-8957-EF8339E22D46}.Release|Any CPU.ActiveCfg = Release|Any CPU
		{B39379FC-B143-4C66-8957-EF8339E22D46}.Release|Any CPU.Build.0 = Release|Any CPU
		{432A98DA-10D1-4358-B624-33A91FFE4C44}.Debug|Any CPU.ActiveCfg = Debug|Any CPU
		{432A98DA-10D1-4358-B624-33A91FFE4C44}.Debug|Any CPU.Build.0 = Debug|Any CPU
		{432A98DA-10D1-4358-B624-33A91FFE4C44}.Release|Any CPU.ActiveCfg = Release|Any CPU
		{432A98DA-10D1-4358-B624-33A91FFE4C44}.Release|Any CPU.Build.0 = Release|Any CPU
	EndGlobalSection
	GlobalSection(SolutionProperties) = preSolution
		HideSolutionNode = FALSE
	EndGlobalSection
	GlobalSection(ExtensibilityGlobals) = postSolution
		SolutionGuid = {A5DB1F88-D9A5-40E1-A7FF-BF7B95DB6AE4}
	EndGlobalSection
EndGlobal
