
Microsoft Visual Studio Solution File, Format Version 12.00
# Visual Studio Version 17
VisualStudioVersion = 17.7.34221.43
MinimumVisualStudioVersion = 10.0.40219.1
Project("{FAE04EC0-301F-11D3-BF4B-00C04F79EFBC}") = "01. MagicNumbers", "01. MagicNumbers\01. MagicNumbers.csproj", "{46A5D940-56B1-4B49-9AE6-2D6E90F7438F}"
EndProject
Project("{FAE04EC0-301F-11D3-BF4B-00C04F79EFBC}") = "02. MinMaxValues", "02. MinMaxValues\02. MinMaxValues.csproj", "{828B0471-2D96-4154-9649-6A44625E82B0}"
EndProject
Global
	GlobalSection(SolutionConfigurationPlatforms) = preSolution
		Debug|Any CPU = Debug|Any CPU
		Release|Any CPU = Release|Any CPU
	EndGlobalSection
	GlobalSection(ProjectConfigurationPlatforms) = postSolution
		{46A5D940-56B1-4B49-9AE6-2D6E90F7438F}.Debug|Any CPU.ActiveCfg = Debug|Any CPU
		{46A5D940-56B1-4B49-9AE6-2D6E90F7438F}.Debug|Any CPU.Build.0 = Debug|Any CPU
		{46A5D940-56B1-4B49-9AE6-2D6E90F7438F}.Release|Any CPU.ActiveCfg = Release|Any CPU
		{46A5D940-56B1-4B49-9AE6-2D6E90F7438F}.Release|Any CPU.Build.0 = Release|Any CPU
		{828B0471-2D96-4154-9649-6A44625E82B0}.Debug|Any CPU.ActiveCfg = Debug|Any CPU
		{828B0471-2D96-4154-9649-6A44625E82B0}.Debug|Any CPU.Build.0 = Debug|Any CPU
		{828B0471-2D96-4154-9649-6A44625E82B0}.Release|Any CPU.ActiveCfg = Release|Any CPU
		{828B0471-2D96-4154-9649-6A44625E82B0}.Release|Any CPU.Build.0 = Release|Any CPU
	EndGlobalSection
	GlobalSection(SolutionProperties) = preSolution
		HideSolutionNode = FALSE
	EndGlobalSection
	GlobalSection(ExtensibilityGlobals) = postSolution
		SolutionGuid = {36D6684A-3C80-4479-894F-E624371A8896}
	EndGlobalSection
EndGlobal
